
Microsoft Visual Studio Solution File, Format Version 12.00
# Visual Studio Version 16
VisualStudioVersion = 16.0.32126.315
MinimumVisualStudioVersion = 10.0.40219.1
Project("{FAE04EC0-301F-11D3-BF4B-00C04F79EFBC}") = "RPNCalculator", "RPNCalculator.csproj", "{4908610B-86C7-43F1-BCA1-FD06AD247385}"
EndProject
Global
	GlobalSection(SolutionConfigurationPlatforms) = preSolution
		Debug|Any CPU = Debug|Any CPU
		Release|Any CPU = Release|Any CPU
	EndGlobalSection
	GlobalSection(ProjectConfigurationPlatforms) = postSolution
		{4908610B-86C7-43F1-BCA1-FD06AD247385}.Debug|Any CPU.ActiveCfg = Debug|Any CPU
		{4908610B-86C7-43F1-BCA1-FD06AD247385}.Debug|Any CPU.Build.0 = Debug|Any CPU
		{4908610B-86C7-43F1-BCA1-FD06AD247385}.Release|Any CPU.ActiveCfg = Release|Any CPU
		{4908610B-86C7-43F1-BCA1-FD06AD247385}.Release|Any CPU.Build.0 = Release|Any CPU
	EndGlobalSection
	GlobalSection(SolutionProperties) = preSolution
		HideSolutionNode = FALSE
	EndGlobalSection
	GlobalSection(ExtensibilityGlobals) = postSolution
		SolutionGuid = {BEDDF2F2-C9C6-4C2C-9578-B3E904523AD1}
	EndGlobalSection
EndGlobal
